// !$*UTF8*$!
{
	archiveVersion = 1;
	classes = {
	};
	objectVersion = 77;
	objects = {

/* Begin PBXContainerItemProxy section */
		E8DD9C612E251F7F00D41D80 /* PBXContainerItemProxy */ = {
			isa = PBXContainerItemProxy;
			containerPortal = E8DD9C3F2E251F7E00D41D80 /* Project object */;
			proxyType = 1;
			remoteGlobalIDString = E8DD9C462E251F7E00D41D80;
			remoteInfo = Movie_Task;
		};
		E8DD9C6B2E251F7F00D41D80 /* PBXContainerItemProxy */ = {
			isa = PBXContainerItemProxy;
			containerPortal = E8DD9C3F2E251F7E00D41D80 /* Project object */;
			proxyType = 1;
			remoteGlobalIDString = E8DD9C462E251F7E00D41D80;
			remoteInfo = Movie_Task;
		};
/* End PBXContainerItemProxy section */

/* Begin PBXFileReference section */
		E8DD9C472E251F7E00D41D80 /* Movie_Task.app */ = {isa = PBXFileReference; explicitFileType = wrapper.application; includeInIndex = 0; path = Movie_Task.app; sourceTree = BUILT_PRODUCTS_DIR; };
		E8DD9C602E251F7F00D41D80 /* Movie_TaskTests.xctest */ = {isa = PBXFileReference; explicitFileType = wrapper.cfbundle; includeInIndex = 0; path = Movie_TaskTests.xctest; sourceTree = BUILT_PRODUCTS_DIR; };
		E8DD9C6A2E251F7F00D41D80 /* Movie_TaskUITests.xctest */ = {isa = PBXFileReference; explicitFileType = wrapper.cfbundle; includeInIndex = 0; path = Movie_TaskUITests.xctest; sourceTree = BUILT_PRODUCTS_DIR; };
/* End PBXFileReference section */

/* Begin PBXFileSystemSynchronizedBuildFileExceptionSet section */
		E8DD9C722E251F7F00D41D80 /* Exceptions for "Movie_Task" folder in "Movie_Task" target */ = {
			isa = PBXFileSystemSynchronizedBuildFileExceptionSet;
			membershipExceptions = (
				Info.plist,
			);
			target = E8DD9C462E251F7E00D41D80 /* Movie_Task */;
		};
/* End PBXFileSystemSynchronizedBuildFileExceptionSet section */

/* Begin PBXFileSystemSynchronizedRootGroup section */
		E8DD9C492E251F7E00D41D80 /* Movie_Task */ = {
			isa = PBXFileSystemSynchronizedRootGroup;
			exceptions = (
				E8DD9C722E251F7F00D41D80 /* Exceptions for "Movie_Task" folder in "Movie_Task" target */,
			);
			path = Movie_Task;
			sourceTree = "<group>";
		};
		E8DD9C632E251F7F00D41D80 /* Movie_TaskTests */ = {
			isa = PBXFileSystemSynchronizedRootGroup;
			path = Movie_TaskTests;
			sourceTree = "<group>";
		};
		E8DD9C6D2E251F7F00D41D80 /* Movie_TaskUITests */ = {
			isa = PBXFileSystemSynchronizedRootGroup;
			path = Movie_TaskUITests;
			sourceTree = "<group>";
		};
/* End PBXFileSystemSynchronizedRootGroup section */

/* Begin PBXFrameworksBuildPhase section */
		E8DD9C442E251F7E00D41D80 /* Frameworks */ = {
			isa = PBXFrameworksBuildPhase;
			buildActionMask = 2147483647;
			files = (
			);
			runOnlyForDeploymentPostprocessing = 0;
		};
		E8DD9C5D2E251F7F00D41D80 /* Frameworks */ = {
			isa = PBXFrameworksBuildPhase;
			buildActionMask = 2147483647;
			files = (
			);
			runOnlyForDeploymentPostprocessing = 0;
		};
		E8DD9C672E251F7F00D41D80 /* Frameworks */ = {
			isa = PBXFrameworksBuildPhase;
			buildActionMask = 2147483647;
			files = (
			);
			runOnlyForDeploymentPostprocessing = 0;
		};
/* End PBXFrameworksBuildPhase section */

/* Begin PBXGroup section */
		E8DD9C3E2E251F7E00D41D80 = {
			isa = PBXGroup;
			children = (
				E8DD9C492E251F7E00D41D80 /* Movie_Task */,
				E8DD9C632E251F7F00D41D80 /* Movie_TaskTests */,
				E8DD9C6D2E251F7F00D41D80 /* Movie_TaskUITests */,
				E8DD9C482E251F7E00D41D80 /* Products */,
			);
			sourceTree = "<group>";
		};
		E8DD9C482E251F7E00D41D80 /* Products */ = {
			isa = PBXGroup;
			children = (
				E8DD9C472E251F7E00D41D80 /* Movie_Task.app */,
				E8DD9C602E251F7F00D41D80 /* Movie_TaskTests.xctest */,
				E8DD9C6A2E251F7F00D41D80 /* Movie_TaskUITests.xctest */,
			);
			name = Products;
			sourceTree = "<group>";
		};
/* End PBXGroup section */

/* Begin PBXNativeTarget section */
		E8DD9C462E251F7E00D41D80 /* Movie_Task */ = {
			isa = PBXNativeTarget;
			buildConfigurationList = E8DD9C732E251F7F00D41D80 /* Build configuration list for PBXNativeTarget "Movie_Task" */;
			buildPhases = (
				E8DD9C432E251F7E00D41D80 /* Sources */,
				E8DD9C442E251F7E00D41D80 /* Frameworks */,
				E8DD9C452E251F7E00D41D80 /* Resources */,
			);
			buildRules = (
			);
			dependencies = (
			);
			fileSystemSynchronizedGroups = (
				E8DD9C492E251F7E00D41D80 /* Movie_Task */,
			);
			name = Movie_Task;
			packageProductDependencies = (
			);
			productName = Movie_Task;
			productReference = E8DD9C472E251F7E00D41D80 /* Movie_Task.app */;
			productType = "com.apple.product-type.application";
		};
		E8DD9C5F2E251F7F00D41D80 /* Movie_TaskTests */ = {
			isa = PBXNativeTarget;
			buildConfigurationList = E8DD9C782E251F7F00D41D80 /* Build configuration list for PBXNativeTarget "Movie_TaskTests" */;
			buildPhases = (
				E8DD9C5C2E251F7F00D41D80 /* Sources */,
				E8DD9C5D2E251F7F00D41D80 /* Frameworks */,
				E8DD9C5E2E251F7F00D41D80 /* Resources */,
			);
			buildRules = (
			);
			dependencies = (
				E8DD9C622E251F7F00D41D80 /* PBXTargetDependency */,
			);
			fileSystemSynchronizedGroups = (
				E8DD9C632E251F7F00D41D80 /* Movie_TaskTests */,
			);
			name = Movie_TaskTests;
			packageProductDependencies = (
			);
			productName = Movie_TaskTests;
			productReference = E8DD9C602E251F7F00D41D80 /* Movie_TaskTests.xctest */;
			productType = "com.apple.product-type.bundle.unit-test";
		};
		E8DD9C692E251F7F00D41D80 /* Movie_TaskUITests */ = {
			isa = PBXNativeTarget;
			buildConfigurationList = E8DD9C7B2E251F7F00D41D80 /* Build configuration list for PBXNativeTarget "Movie_TaskUITests" */;
			buildPhases = (
				E8DD9C662E251F7F00D41D80 /* Sources */,
				E8DD9C672E251F7F00D41D80 /* Frameworks */,
				E8DD9C682E251F7F00D41D80 /* Resources */,
			);
			buildRules = (
			);
			dependencies = (
				E8DD9C6C2E251F7F00D41D80 /* PBXTargetDependency */,
			);
			fileSystemSynchronizedGroups = (
				E8DD9C6D2E251F7F00D41D80 /* Movie_TaskUITests */,
			);
			name = Movie_TaskUITests;
			packageProductDependencies = (
			);
			productName = Movie_TaskUITests;
			productReference = E8DD9C6A2E251F7F00D41D80 /* Movie_TaskUITests.xctest */;
			productType = "com.apple.product-type.bundle.ui-testing";
		};
/* End PBXNativeTarget section */

/* Begin PBXProject section */
		E8DD9C3F2E251F7E00D41D80 /* Project object */ = {
			isa = PBXProject;
			attributes = {
				BuildIndependentTargetsInParallel = 1;
				LastSwiftUpdateCheck = 1600;
				LastUpgradeCheck = 1600;
				TargetAttributes = {
					E8DD9C462E251F7E00D41D80 = {
						CreatedOnToolsVersion = 16.0;
					};
					E8DD9C5F2E251F7F00D41D80 = {
						CreatedOnToolsVersion = 16.0;
						TestTargetID = E8DD9C462E251F7E00D41D80;
					};
					E8DD9C692E251F7F00D41D80 = {
						CreatedOnToolsVersion = 16.0;
						TestTargetID = E8DD9C462E251F7E00D41D80;
					};
				};
			};
			buildConfigurationList = E8DD9C422E251F7E00D41D80 /* Build configuration list for PBXProject "Movie_Task" */;
			developmentRegion = en;
			hasScannedForEncodings = 0;
			knownRegions = (
				en,
				Base,
			);
			mainGroup = E8DD9C3E2E251F7E00D41D80;
			minimizedProjectReferenceProxies = 1;
			preferredProjectObjectVersion = 77;
			productRefGroup = E8DD9C482E251F7E00D41D80 /* Products */;
			projectDirPath = "";
			projectRoot = "";
			targets = (
				E8DD9C462E251F7E00D41D80 /* Movie_Task */,
				E8DD9C5F2E251F7F00D41D80 /* Movie_TaskTests */,
				E8DD9C692E251F7F00D41D80 /* Movie_TaskUITests */,
			);
		};
/* End PBXProject section */

/* Begin PBXResourcesBuildPhase section */
		E8DD9C452E251F7E00D41D80 /* Resources */ = {
			isa = PBXResourcesBuildPhase;
			buildActionMask = 2147483647;
			files = (
			);
			runOnlyForDeploymentPostprocessing = 0;
		};
		E8DD9C5E2E251F7F00D41D80 /* Resources */ = {
			isa = PBXResourcesBuildPhase;
			buildActionMask = 2147483647;
			files = (
			);
			runOnlyForDeploymentPostprocessing = 0;
		};
		E8DD9C682E251F7F00D41D80 /* Resources */ = {
			isa = PBXResourcesBuildPhase;
			buildActionMask = 2147483647;
			files = (
			);
			runOnlyForDeploymentPostprocessing = 0;
		};
/* End PBXResourcesBuildPhase section */

/* Begin PBXSourcesBuildPhase section */
		E8DD9C432E251F7E00D41D80 /* Sources */ = {
			isa = PBXSourcesBuildPhase;
			buildActionMask = 2147483647;
			files = (
			);
			runOnlyForDeploymentPostprocessing = 0;
		};
		E8DD9C5C2E251F7F00D41D80 /* Sources */ = {
			isa = PBXSourcesBuildPhase;
			buildActionMask = 2147483647;
			files = (
			);
			runOnlyForDeploymentPostprocessing = 0;
		};
		E8DD9C662E251F7F00D41D80 /* Sources */ = {
			isa = PBXSourcesBuildPhase;
			buildActionMask = 2147483647;
			files = (
			);
			runOnlyForDeploymentPostprocessing = 0;
		};
/* End PBXSourcesBuildPhase section */

/* Begin PBXTargetDependency section */
		E8DD9C622E251F7F00D41D80 /* PBXTargetDependency */ = {
			isa = PBXTargetDependency;
			target = E8DD9C462E251F7E00D41D80 /* Movie_Task */;
			targetProxy = E8DD9C612E251F7F00D41D80 /* PBXContainerItemProxy */;
		};
		E8DD9C6C2E251F7F00D41D80 /* PBXTargetDependency */ = {
			isa = PBXTargetDependency;
			target = E8DD9C462E251F7E00D41D80 /* Movie_Task */;
			targetProxy = E8DD9C6B2E251F7F00D41D80 /* PBXContainerItemProxy */;
		};
/* End PBXTargetDependency section */

/* Begin XCBuildConfiguration section */
		E8DD9C742E251F7F00D41D80 /* Debug */ = {
			isa = XCBuildConfiguration;
			buildSettings = {
				ASSETCATALOG_COMPILER_APPICON_NAME = AppIcon;
				ASSETCATALOG_COMPILER_GLOBAL_ACCENT_COLOR_NAME = AccentColor;
				CODE_SIGN_STYLE = Automatic;
				CURRENT_PROJECT_VERSION = 1;
				DEVELOPMENT_TEAM = A2TVT95V32;
				GENERATE_INFOPLIST_FILE = YES;
				INFOPLIST_FILE = Movie_Task/Info.plist;
				INFOPLIST_KEY_UIApplicationSupportsIndirectInputEvents = YES;
				INFOPLIST_KEY_UILaunchStoryboardName = LaunchScreen;
				INFOPLIST_KEY_UIMainStoryboardFile = Main;
				INFOPLIST_KEY_UISupportedInterfaceOrientations_iPad = "UIInterfaceOrientationPortrait UIInterfaceOrientationPortraitUpsideDown UIInterfaceOrientationLandscapeLeft UIInterfaceOrientationLandscapeRight";
				INFOPLIST_KEY_UISupportedInterfaceOrientations_iPhone = "UIInterfaceOrientationPortrait UIInterfaceOrientationLandscapeLeft UIInterfaceOrientationLandscapeRight";
				LD_RUNPATH_SEARCH_PATHS = (
					"$(inherited)",
					"@executable_path/Frameworks",
				);
				MARKETING_VERSION = 1.0;
				PRODUCT_BUNDLE_IDENTIFIER = "com.elkazzaz.Movie-Task";
				PRODUCT_NAME = "$(TARGET_NAME)";
				SWIFT_EMIT_LOC_STRINGS = YES;
				SWIFT_VERSION = 5.0;
				TARGETED_DEVICE_FAMILY = "1,2";
			};
			name = Debug;
		};
		E8DD9C752E251F7F00D41D80 /* Release */ = {
			isa = XCBuildConfiguration;
			buildSettings = {
				ASSETCATALOG_COMPILER_APPICON_NAME = AppIcon;
				ASSETCATALOG_COMPILER_GLOBAL_ACCENT_COLOR_NAME = AccentColor;
				CODE_SIGN_STYLE = Automatic;
				CURRENT_PROJECT_VERSION = 1;
				DEVELOPMENT_TEAM = A2TVT95V32;
				GENERATE_INFOPLIST_FILE = YES;
				INFOPLIST_FILE = Movie_Task/Info.plist;
				INFOPLIST_KEY_UIApplicationSupportsIndirectInputEvents = YES;
				INFOPLIST_KEY_UILaunchStoryboardName = LaunchScreen;
				INFOPLIST_KEY_UIMainStoryboardFile = Main;
				INFOPLIST_KEY_UISupportedInterfaceOrientations_iPad = "UIInterfaceOrientationPortrait UIInterfaceOrientationPortraitUpsideDown UIInterfaceOrientationLandscapeLeft UIInterfaceOrientationLandscapeRight";
				INFOPLIST_KEY_UISupportedInterfaceOrientations_iPhone = "UIInterfaceOrientationPortrait UIInterfaceOrientationLandscapeLeft UIInterfaceOrientationLandscapeRight";
				LD_RUNPATH_SEARCH_PATHS = (
					"$(inherited)",
					"@executable_path/Frameworks",
				);
				MARKETING_VERSION = 1.0;
				PRODUCT_BUNDLE_IDENTIFIER = "com.elkazzaz.Movie-Task";
				PRODUCT_NAME = "$(TARGET_NAME)";
				SWIFT_EMIT_LOC_STRINGS = YES;
				SWIFT_VERSION = 5.0;
				TARGETED_DEVICE_FAMILY = "1,2";
			};
			name = Release;
		};
		E8DD9C762E251F7F00D41D80 /* Debug */ = {
			isa = XCBuildConfiguration;
			buildSettings = {
				ALWAYS_SEARCH_USER_PATHS = NO;
				ASSETCATALOG_COMPILER_GENERATE_SWIFT_ASSET_SYMBOL_EXTENSIONS = YES;
				CLANG_ANALYZER_NONNULL = YES;
				CLANG_ANALYZER_NUMBER_OBJECT_CONVERSION = YES_AGGRESSIVE;
				CLANG_CXX_LANGUAGE_STANDARD = "gnu++20";
				CLANG_ENABLE_MODULES = YES;
				CLANG_ENABLE_OBJC_ARC = YES;
				CLANG_ENABLE_OBJC_WEAK = YES;
				CLANG_WARN_BLOCK_CAPTURE_AUTORELEASING = YES;
				CLANG_WARN_BOOL_CONVERSION = YES;
				CLANG_WARN_COMMA = YES;
				CLANG_WARN_CONSTANT_CONVERSION = YES;
				CLANG_WARN_DEPRECATED_OBJC_IMPLEMENTATIONS = YES;
				CLANG_WARN_DIRECT_OBJC_ISA_USAGE = YES_ERROR;
				CLANG_WARN_DOCUMENTATION_COMMENTS = YES;
				CLANG_WARN_EMPTY_BODY = YES;
				CLANG_WARN_ENUM_CONVERSION = YES;
				CLANG_WARN_INFINITE_RECURSION = YES;
				CLANG_WARN_INT_CONVERSION = YES;
				CLANG_WARN_NON_LITERAL_NULL_CONVERSION = YES;
				CLANG_WARN_OBJC_IMPLICIT_RETAIN_SELF = YES;
				CLANG_WARN_OBJC_LITERAL_CONVERSION = YES;
				CLANG_WARN_OBJC_ROOT_CLASS = YES_ERROR;
				CLANG_WARN_QUOTED_INCLUDE_IN_FRAMEWORK_HEADER = YES;
				CLANG_WARN_RANGE_LOOP_ANALYSIS = YES;
				CLANG_WARN_STRICT_PROTOTYPES = YES;
				CLANG_WARN_SUSPICIOUS_MOVE = YES;
				CLANG_WARN_UNGUARDED_AVAILABILITY = YES_AGGRESSIVE;
				CLANG_WARN_UNREACHABLE_CODE = YES;
				CLANG_WARN__DUPLICATE_METHOD_MATCH = YES;
				COPY_PHASE_STRIP = NO;
				DEBUG_INFORMATION_FORMAT = dwarf;
				ENABLE_STRICT_OBJC_MSGSEND = YES;
				ENABLE_TESTABILITY = YES;
				ENABLE_USER_SCRIPT_SANDBOXING = YES;
				GCC_C_LANGUAGE_STANDARD = gnu17;
				GCC_DYNAMIC_NO_PIC = NO;
				GCC_NO_COMMON_BLOCKS = YES;
				GCC_OPTIMIZATION_LEVEL = 0;
				GCC_PREPROCESSOR_DEFINITIONS = (
					"DEBUG=1",
					"$(inherited)",
				);
				GCC_WARN_64_TO_32_BIT_CONVERSION = YES;
				GCC_WARN_ABOUT_RETURN_TYPE = YES_ERROR;
				GCC_WARN_UNDECLARED_SELECTOR = YES;
				GCC_WARN_UNINITIALIZED_AUTOS = YES_AGGRESSIVE;
				GCC_WARN_UNUSED_FUNCTION = YES;
				GCC_WARN_UNUSED_VARIABLE = YES;
				IPHONEOS_DEPLOYMENT_TARGET = 18.0;
				LOCALIZATION_PREFERS_STRING_CATALOGS = YES;
				MTL_ENABLE_DEBUG_INFO = INCLUDE_SOURCE;
				MTL_FAST_MATH = YES;
				ONLY_ACTIVE_ARCH = YES;
				SDKROOT = iphoneos;
				SWIFT_ACTIVE_COMPILATION_CONDITIONS = "DEBUG $(inherited)";
				SWIFT_OPTIMIZATION_LEVEL = "-Onone";
			};
			name = Debug;
		};
		E8DD9C772E251F7F00D41D80 /* Release */ = {
			isa = XCBuildConfiguration;
			buildSettings = {
				ALWAYS_SEARCH_USER_PATHS = NO;
				ASSETCATALOG_COMPILER_GENERATE_SWIFT_ASSET_SYMBOL_EXTENSIONS = YES;
				CLANG_ANALYZER_NONNULL = YES;
				CLANG_ANALYZER_NUMBER_OBJECT_CONVERSION = YES_AGGRESSIVE;
				CLANG_CXX_LANGUAGE_STANDARD = "gnu++20";
				CLANG_ENABLE_MODULES = YES;
				CLANG_ENABLE_OBJC_ARC = YES;
				CLANG_ENABLE_OBJC_WEAK = YES;
				CLANG_WARN_BLOCK_CAPTURE_AUTORELEASING = YES;
				CLANG_WARN_BOOL_CONVERSION = YES;
				CLANG_WARN_COMMA = YES;
				CLANG_WARN_CONSTANT_CONVERSION = YES;
				CLANG_WARN_DEPRECATED_OBJC_IMPLEMENTATIONS = YES;
				CLANG_WARN_DIRECT_OBJC_ISA_USAGE = YES_ERROR;
				CLANG_WARN_DOCUMENTATION_COMMENTS = YES;
				CLANG_WARN_EMPTY_BODY = YES;
				CLANG_WARN_ENUM_CONVERSION = YES;
				CLANG_WARN_INFINITE_RECURSION = YES;
				CLANG_WARN_INT_CONVERSION = YES;
				CLANG_WARN_NON_LITERAL_NULL_CONVERSION = YES;
				CLANG_WARN_OBJC_IMPLICIT_RETAIN_SELF = YES;
				CLANG_WARN_OBJC_LITERAL_CONVERSION = YES;
				CLANG_WARN_OBJC_ROOT_CLASS = YES_ERROR;
				CLANG_WARN_QUOTED_INCLUDE_IN_FRAMEWORK_HEADER = YES;
				CLANG_WARN_RANGE_LOOP_ANALYSIS = YES;
				CLANG_WARN_STRICT_PROTOTYPES = YES;
				CLANG_WARN_SUSPICIOUS_MOVE = YES;
				CLANG_WARN_UNGUARDED_AVAILABILITY = YES_AGGRESSIVE;
				CLANG_WARN_UNREACHABLE_CODE = YES;
				CLANG_WARN__DUPLICATE_METHOD_MATCH = YES;
				COPY_PHASE_STRIP = NO;
				DEBUG_INFORMATION_FORMAT = "dwarf-with-dsym";
				ENABLE_NS_ASSERTIONS = NO;
				ENABLE_STRICT_OBJC_MSGSEND = YES;
				ENABLE_USER_SCRIPT_SANDBOXING = YES;
				GCC_C_LANGUAGE_STANDARD = gnu17;
				GCC_NO_COMMON_BLOCKS = YES;
				GCC_WARN_64_TO_32_BIT_CONVERSION = YES;
				GCC_WARN_ABOUT_RETURN_TYPE = YES_ERROR;
				GCC_WARN_UNDECLARED_SELECTOR = YES;
				GCC_WARN_UNINITIALIZED_AUTOS = YES_AGGRESSIVE;
				GCC_WARN_UNUSED_FUNCTION = YES;
				GCC_WARN_UNUSED_VARIABLE = YES;
				IPHONEOS_DEPLOYMENT_TARGET = 18.0;
				LOCALIZATION_PREFERS_STRING_CATALOGS = YES;
				MTL_ENABLE_DEBUG_INFO = NO;
				MTL_FAST_MATH = YES;
				SDKROOT = iphoneos;
				SWIFT_COMPILATION_MODE = wholemodule;
				VALIDATE_PRODUCT = YES;
			};
			name = Release;
		};
		E8DD9C792E251F7F00D41D80 /* Debug */ = {
			isa = XCBuildConfiguration;
			buildSettings = {
				BUNDLE_LOADER = "$(TEST_HOST)";
				CODE_SIGN_STYLE = Automatic;
				CURRENT_PROJECT_VERSION = 1;
				DEVELOPMENT_TEAM = A2TVT95V32;
				GENERATE_INFOPLIST_FILE = YES;
				IPHONEOS_DEPLOYMENT_TARGET = 18.0;
				MARKETING_VERSION = 1.0;
				PRODUCT_BUNDLE_IDENTIFIER = "com.elkazzaz.Movie-TaskTests";
				PRODUCT_NAME = "$(TARGET_NAME)";
				SWIFT_EMIT_LOC_STRINGS = NO;
				SWIFT_VERSION = 5.0;
				TARGETED_DEVICE_FAMILY = "1,2";
				TEST_HOST = "$(BUILT_PRODUCTS_DIR)/Movie_Task.app/$(BUNDLE_EXECUTABLE_FOLDER_PATH)/Movie_Task";
			};
			name = Debug;
		};
		E8DD9C7A2E251F7F00D41D80 /* Release */ = {
			isa = XCBuildConfiguration;
			buildSettings = {
				BUNDLE_LOADER = "$(TEST_HOST)";
				CODE_SIGN_STYLE = Automatic;
				CURRENT_PROJECT_VERSION = 1;
				DEVELOPMENT_TEAM = A2TVT95V32;
				GENERATE_INFOPLIST_FILE = YES;
				IPHONEOS_DEPLOYMENT_TARGET = 18.0;
				MARKETING_VERSION = 1.0;
				PRODUCT_BUNDLE_IDENTIFIER = "com.elkazzaz.Movie-TaskTests";
				PRODUCT_NAME = "$(TARGET_NAME)";
				SWIFT_EMIT_LOC_STRINGS = NO;
				SWIFT_VERSION = 5.0;
				TARGETED_DEVICE_FAMILY = "1,2";
				TEST_HOST = "$(BUILT_PRODUCTS_DIR)/Movie_Task.app/$(BUNDLE_EXECUTABLE_FOLDER_PATH)/Movie_Task";
			};
			name = Release;
		};
		E8DD9C7C2E251F7F00D41D80 /* Debug */ = {
			isa = XCBuildConfiguration;
			buildSettings = {
				CODE_SIGN_STYLE = Automatic;
				CURRENT_PROJECT_VERSION = 1;
				DEVELOPMENT_TEAM = A2TVT95V32;
				GENERATE_INFOPLIST_FILE = YES;
				MARKETING_VERSION = 1.0;
				PRODUCT_BUNDLE_IDENTIFIER = "com.elkazzaz.Movie-TaskUITests";
				PRODUCT_NAME = "$(TARGET_NAME)";
				SWIFT_EMIT_LOC_STRINGS = NO;
				SWIFT_VERSION = 5.0;
				TARGETED_DEVICE_FAMILY = "1,2";
				TEST_TARGET_NAME = Movie_Task;
			};
			name = Debug;
		};
		E8DD9C7D2E251F7F00D41D80 /* Release */ = {
			isa = XCBuildConfiguration;
			buildSettings = {
				CODE_SIGN_STYLE = Automatic;
				CURRENT_PROJECT_VERSION = 1;
				DEVELOPMENT_TEAM = A2TVT95V32;
				GENERATE_INFOPLIST_FILE = YES;
				MARKETING_VERSION = 1.0;
				PRODUCT_BUNDLE_IDENTIFIER = "com.elkazzaz.Movie-TaskUITests";
				PRODUCT_NAME = "$(TARGET_NAME)";
				SWIFT_EMIT_LOC_STRINGS = NO;
				SWIFT_VERSION = 5.0;
				TARGETED_DEVICE_FAMILY = "1,2";
				TEST_TARGET_NAME = Movie_Task;
			};
			name = Release;
		};
/* End XCBuildConfiguration section */

/* Begin XCConfigurationList section */
		E8DD9C422E251F7E00D41D80 /* Build configuration list for PBXProject "Movie_Task" */ = {
			isa = XCConfigurationList;
			buildConfigurations = (
				E8DD9C762E251F7F00D41D80 /* Debug */,
				E8DD9C772E251F7F00D41D80 /* Release */,
			);
			defaultConfigurationIsVisible = 0;
			defaultConfigurationName = Release;
		};
		E8DD9C732E251F7F00D41D80 /* Build configuration list for PBXNativeTarget "Movie_Task" */ = {
			isa = XCConfigurationList;
			buildConfigurations = (
				E8DD9C742E251F7F00D41D80 /* Debug */,
				E8DD9C752E251F7F00D41D80 /* Release */,
			);
			defaultConfigurationIsVisible = 0;
			defaultConfigurationName = Release;
		};
		E8DD9C782E251F7F00D41D80 /* Build configuration list for PBXNativeTarget "Movie_TaskTests" */ = {
			isa = XCConfigurationList;
			buildConfigurations = (
				E8DD9C792E251F7F00D41D80 /* Debug */,
				E8DD9C7A2E251F7F00D41D80 /* Release */,
			);
			defaultConfigurationIsVisible = 0;
			defaultConfigurationName = Release;
		};
		E8DD9C7B2E251F7F00D41D80 /* Build configuration list for PBXNativeTarget "Movie_TaskUITests" */ = {
			isa = XCConfigurationList;
			buildConfigurations = (
				E8DD9C7C2E251F7F00D41D80 /* Debug */,
				E8DD9C7D2E251F7F00D41D80 /* Release */,
			);
			defaultConfigurationIsVisible = 0;
			defaultConfigurationName = Release;
		};
/* End XCConfigurationList section */
	};
	rootObject = E8DD9C3F2E251F7E00D41D80 /* Project object */;
}
